// !$*UTF8*$!
{
	archiveVersion = 1;
	classes = {};
	objectVersion = 56;
	objects = {

/* Begin PBXBuildFile section */
		AAAA00000000000000000009 /* AppConstants.swift in Sources */ = {isa = PBXBuildFile; fileRef = AAAA00000000000000000008 /* AppConstants.swift */; };
		AAAA0000000000000000000B /* AppDelegate.swift in Sources */ = {isa = PBXBuildFile; fileRef = AAAA0000000000000000000A /* AppDelegate.swift */; };
		AAAA0000000000000000000D /* DependencyContainer.swift in Sources */ = {isa = PBXBuildFile; fileRef = AAAA0000000000000000000C /* DependencyContainer.swift */; };
		AAAA0000000000000000000F /* RoamApp.swift in Sources */ = {isa = PBXBuildFile; fileRef = AAAA0000000000000000000E /* RoamApp.swift */; };
		AAAA00000000000000000011 /* RoamComponents.swift in Sources */ = {isa = PBXBuildFile; fileRef = AAAA00000000000000000010 /* RoamComponents.swift */; };
		AAAA00000000000000000013 /* Theme.swift in Sources */ = {isa = PBXBuildFile; fileRef = AAAA00000000000000000012 /* Theme.swift */; };
		AAAA00000000000000000015 /* AutoColorGate.swift in Sources */ = {isa = PBXBuildFile; fileRef = AAAA00000000000000000014 /* AutoColorGate.swift */; };
		AAAA00000000000000000017 /* BackgroundLocationService.swift in Sources */ = {isa = PBXBuildFile; fileRef = AAAA00000000000000000016 /* BackgroundLocationService.swift */; };
		AAAA00000000000000000019 /* LocationAuthorizationService.swift in Sources */ = {isa = PBXBuildFile; fileRef = AAAA00000000000000000018 /* LocationAuthorizationService.swift */; };
		AAAA0000000000000000001B /* LocationEventProcessor.swift in Sources */ = {isa = PBXBuildFile; fileRef = AAAA0000000000000000001A /* LocationEventProcessor.swift */; };
		AAAA0000000000000000001D /* LocationFilter.swift in Sources */ = {isa = PBXBuildFile; fileRef = AAAA0000000000000000001C /* LocationFilter.swift */; };
		AAAA0000000000000000001F /* SimulatedLocationPlayer.swift in Sources */ = {isa = PBXBuildFile; fileRef = AAAA0000000000000000001E /* SimulatedLocationPlayer.swift */; };
		AAAA00000000000000000021 /* TrackingState.swift in Sources */ = {isa = PBXBuildFile; fileRef = AAAA00000000000000000020 /* TrackingState.swift */; };
		AAAA00000000000000000023 /* MapZoomResolver.swift in Sources */ = {isa = PBXBuildFile; fileRef = AAAA00000000000000000022 /* MapZoomResolver.swift */; };
		AAAA00000000000000000025 /* TrackerMapCoordinator.swift in Sources */ = {isa = PBXBuildFile; fileRef = AAAA00000000000000000024 /* TrackerMapCoordinator.swift */; };
		AAAA00000000000000000027 /* TrackerMapViewRepresentable.swift in Sources */ = {isa = PBXBuildFile; fileRef = AAAA00000000000000000026 /* TrackerMapViewRepresentable.swift */; };
		AAAA00000000000000000029 /* ZCTAOverlayFactory.swift in Sources */ = {isa = PBXBuildFile; fileRef = AAAA00000000000000000028 /* ZCTAOverlayFactory.swift */; };
		AAAA0000000000000000002B /* ZCTAOverlayRenderer.swift in Sources */ = {isa = PBXBuildFile; fileRef = AAAA0000000000000000002A /* ZCTAOverlayRenderer.swift */; };
		AAAA0000000000000000002D /* ZTAMapAnnotation.swift in Sources */ = {isa = PBXBuildFile; fileRef = AAAA0000000000000000002C /* ZTAMapAnnotation.swift */; };
		AAAA0000000000000000002F /* AppSettings.swift in Sources */ = {isa = PBXBuildFile; fileRef = AAAA0000000000000000002E /* AppSettings.swift */; };
		AAAA00000000000000000031 /* ExportRecord.swift in Sources */ = {isa = PBXBuildFile; fileRef = AAAA00000000000000000030 /* ExportRecord.swift */; };
		AAAA00000000000000000033 /* ModelSchema.swift in Sources */ = {isa = PBXBuildFile; fileRef = AAAA00000000000000000032 /* ModelSchema.swift */; };
		AAAA00000000000000000035 /* TrackedZCTA.swift in Sources */ = {isa = PBXBuildFile; fileRef = AAAA00000000000000000034 /* TrackedZCTA.swift */; };
		AAAA00000000000000000037 /* TrackingEventLog.swift in Sources */ = {isa = PBXBuildFile; fileRef = AAAA00000000000000000036 /* TrackingEventLog.swift */; };
		AAAA00000000000000000039 /* ValueTypes.swift in Sources */ = {isa = PBXBuildFile; fileRef = AAAA00000000000000000038 /* ValueTypes.swift */; };
		AAAA0000000000000000003B /* ZCTAVisit.swift in Sources */ = {isa = PBXBuildFile; fileRef = AAAA0000000000000000003A /* ZCTAVisit.swift */; };
		AAAA0000000000000000003D /* CSVService.swift in Sources */ = {isa = PBXBuildFile; fileRef = AAAA0000000000000000003C /* CSVService.swift */; };
		AAAA0000000000000000003F /* CoverageService.swift in Sources */ = {isa = PBXBuildFile; fileRef = AAAA0000000000000000003E /* CoverageService.swift */; };
		AAAA00000000000000000041 /* ExportService.swift in Sources */ = {isa = PBXBuildFile; fileRef = AAAA00000000000000000040 /* ExportService.swift */; };
		AAAA00000000000000000043 /* FileStore.swift in Sources */ = {isa = PBXBuildFile; fileRef = AAAA00000000000000000042 /* FileStore.swift */; };
		AAAA00000000000000000045 /* HapticsService.swift in Sources */ = {isa = PBXBuildFile; fileRef = AAAA00000000000000000044 /* HapticsService.swift */; };
		AAAA00000000000000000047 /* MetricsService.swift in Sources */ = {isa = PBXBuildFile; fileRef = AAAA00000000000000000046 /* MetricsService.swift */; };
		AAAA00000000000000000049 /* ModelStore.swift in Sources */ = {isa = PBXBuildFile; fileRef = AAAA00000000000000000048 /* ModelStore.swift */; };
		AAAA0000000000000000004B /* SampleDataService.swift in Sources */ = {isa = PBXBuildFile; fileRef = AAAA0000000000000000004A /* SampleDataService.swift */; };
		AAAA0000000000000000004D /* StatisticsService.swift in Sources */ = {isa = PBXBuildFile; fileRef = AAAA0000000000000000004C /* StatisticsService.swift */; };
		AAAA0000000000000000004F /* StoreManager.swift in Sources */ = {isa = PBXBuildFile; fileRef = AAAA0000000000000000004E /* StoreManager.swift */; };
		AAAA00000000000000000051 /* USStateResolver.swift in Sources */ = {isa = PBXBuildFile; fileRef = AAAA00000000000000000050 /* USStateResolver.swift */; };
		AAAA00000000000000000053 /* VisitTransitionService.swift in Sources */ = {isa = PBXBuildFile; fileRef = AAAA00000000000000000052 /* VisitTransitionService.swift */; };
		AAAA00000000000000000055 /* DashboardViewModel.swift in Sources */ = {isa = PBXBuildFile; fileRef = AAAA00000000000000000054 /* DashboardViewModel.swift */; };
		AAAA00000000000000000057 /* DataStatusViewModel.swift in Sources */ = {isa = PBXBuildFile; fileRef = AAAA00000000000000000056 /* DataStatusViewModel.swift */; };
		AAAA00000000000000000059 /* HistoryViewModel.swift in Sources */ = {isa = PBXBuildFile; fileRef = AAAA00000000000000000058 /* HistoryViewModel.swift */; };
		AAAA0000000000000000005B /* MapViewModel.swift in Sources */ = {isa = PBXBuildFile; fileRef = AAAA0000000000000000005A /* MapViewModel.swift */; };
		AAAA0000000000000000005D /* RootViewModel.swift in Sources */ = {isa = PBXBuildFile; fileRef = AAAA0000000000000000005C /* RootViewModel.swift */; };
		AAAA0000000000000000005F /* SettingsViewModel.swift in Sources */ = {isa = PBXBuildFile; fileRef = AAAA0000000000000000005E /* SettingsViewModel.swift */; };
		AAAA00000000000000000061 /* ZCTADetailViewModel.swift in Sources */ = {isa = PBXBuildFile; fileRef = AAAA00000000000000000060 /* ZCTADetailViewModel.swift */; };
		AAAA00000000000000000063 /* AppTabView.swift in Sources */ = {isa = PBXBuildFile; fileRef = AAAA00000000000000000062 /* AppTabView.swift */; };
		AAAA00000000000000000065 /* ActivityView.swift in Sources */ = {isa = PBXBuildFile; fileRef = AAAA00000000000000000064 /* ActivityView.swift */; };
		AAAA00000000000000000067 /* EmptyStateView.swift in Sources */ = {isa = PBXBuildFile; fileRef = AAAA00000000000000000066 /* EmptyStateView.swift */; };
		AAAA00000000000000000069 /* ErrorBanner.swift in Sources */ = {isa = PBXBuildFile; fileRef = AAAA00000000000000000068 /* ErrorBanner.swift */; };
		AAAA0000000000000000006B /* Formatters.swift in Sources */ = {isa = PBXBuildFile; fileRef = AAAA0000000000000000006A /* Formatters.swift */; };
		AAAA0000000000000000006D /* GlassPanel.swift in Sources */ = {isa = PBXBuildFile; fileRef = AAAA0000000000000000006C /* GlassPanel.swift */; };
		AAAA0000000000000000006F /* PrimaryButton.swift in Sources */ = {isa = PBXBuildFile; fileRef = AAAA0000000000000000006E /* PrimaryButton.swift */; };
		AAAA00000000000000000071 /* CurrentZCTACard.swift in Sources */ = {isa = PBXBuildFile; fileRef = AAAA00000000000000000070 /* CurrentZCTACard.swift */; };
		AAAA00000000000000000073 /* DashboardView.swift in Sources */ = {isa = PBXBuildFile; fileRef = AAAA00000000000000000072 /* DashboardView.swift */; };
		AAAA00000000000000000075 /* DataStatusView.swift in Sources */ = {isa = PBXBuildFile; fileRef = AAAA00000000000000000074 /* DataStatusView.swift */; };
		AAAA00000000000000000077 /* ExportDataView.swift in Sources */ = {isa = PBXBuildFile; fileRef = AAAA00000000000000000076 /* ExportDataView.swift */; };
		AAAA00000000000000000079 /* HistoryView.swift in Sources */ = {isa = PBXBuildFile; fileRef = AAAA00000000000000000078 /* HistoryView.swift */; };
		AAAA0000000000000000007B /* MapControlsPanel.swift in Sources */ = {isa = PBXBuildFile; fileRef = AAAA0000000000000000007A /* MapControlsPanel.swift */; };
		AAAA0000000000000000007D /* OnboardingView.swift in Sources */ = {isa = PBXBuildFile; fileRef = AAAA0000000000000000007C /* OnboardingView.swift */; };
		AAAA0000000000000000007F /* PaywallView.swift in Sources */ = {isa = PBXBuildFile; fileRef = AAAA0000000000000000007E /* PaywallView.swift */; };
		AAAA00000000000000000081 /* PermissionEducationView.swift in Sources */ = {isa = PBXBuildFile; fileRef = AAAA00000000000000000080 /* PermissionEducationView.swift */; };
		AAAA00000000000000000083 /* PrivacyHelpView.swift in Sources */ = {isa = PBXBuildFile; fileRef = AAAA00000000000000000082 /* PrivacyHelpView.swift */; };
		AAAA00000000000000000085 /* RootView.swift in Sources */ = {isa = PBXBuildFile; fileRef = AAAA00000000000000000084 /* RootView.swift */; };
		AAAA00000000000000000087 /* SelectedZCTACard.swift in Sources */ = {isa = PBXBuildFile; fileRef = AAAA00000000000000000086 /* SelectedZCTACard.swift */; };
		AAAA00000000000000000089 /* SettingsView.swift in Sources */ = {isa = PBXBuildFile; fileRef = AAAA00000000000000000088 /* SettingsView.swift */; };
		AAAA0000000000000000008B /* CoverageShareView.swift in Sources */ = {isa = PBXBuildFile; fileRef = AAAA0000000000000000008A /* CoverageShareView.swift */; };
		AAAA0000000000000000008D /* ShareCardView.swift in Sources */ = {isa = PBXBuildFile; fileRef = AAAA0000000000000000008C /* ShareCardView.swift */; };
		AAAA0000000000000000008F /* StatisticsView.swift in Sources */ = {isa = PBXBuildFile; fileRef = AAAA0000000000000000008E /* StatisticsView.swift */; };
		AAAA00000000000000000091 /* TrackerMapView.swift in Sources */ = {isa = PBXBuildFile; fileRef = AAAA00000000000000000090 /* TrackerMapView.swift */; };
		AAAA00000000000000000093 /* TrackingSettingsView.swift in Sources */ = {isa = PBXBuildFile; fileRef = AAAA00000000000000000092 /* TrackingSettingsView.swift */; };
		AAAA00000000000000000095 /* TrackingStatusCard.swift in Sources */ = {isa = PBXBuildFile; fileRef = AAAA00000000000000000094 /* TrackingStatusCard.swift */; };
		AAAA00000000000000000097 /* VisitTimelineView.swift in Sources */ = {isa = PBXBuildFile; fileRef = AAAA00000000000000000096 /* VisitTimelineView.swift */; };
		AAAA00000000000000000099 /* ZCTADetailView.swift in Sources */ = {isa = PBXBuildFile; fileRef = AAAA00000000000000000098 /* ZCTADetailView.swift */; };
		AAAA0000000000000000009B /* ZCTAVisitRow.swift in Sources */ = {isa = PBXBuildFile; fileRef = AAAA0000000000000000009A /* ZCTAVisitRow.swift */; };
		AAAA0000000000000000009D /* PointInPolygon.swift in Sources */ = {isa = PBXBuildFile; fileRef = AAAA0000000000000000009C /* PointInPolygon.swift */; };
		AAAA0000000000000000009F /* SpatialIndexTypes.swift in Sources */ = {isa = PBXBuildFile; fileRef = AAAA0000000000000000009E /* SpatialIndexTypes.swift */; };
		AAAA000000000000000000A1 /* ZCTABundleMetadata.swift in Sources */ = {isa = PBXBuildFile; fileRef = AAAA000000000000000000A0 /* ZCTABundleMetadata.swift */; };
		AAAA000000000000000000A3 /* ZCTADatabase.swift in Sources */ = {isa = PBXBuildFile; fileRef = AAAA000000000000000000A2 /* ZCTADatabase.swift */; };
		AAAA000000000000000000A5 /* ZCTAGeometryService.swift in Sources */ = {isa = PBXBuildFile; fileRef = AAAA000000000000000000A4 /* ZCTAGeometryService.swift */; };
		AAAA000000000000000000A7 /* ZCTAIndex.swift in Sources */ = {isa = PBXBuildFile; fileRef = AAAA000000000000000000A6 /* ZCTAIndex.swift */; };
		AAAA000000000000000000A9 /* ZCTAPolygon.swift in Sources */ = {isa = PBXBuildFile; fileRef = AAAA000000000000000000A8 /* ZCTAPolygon.swift */; };
		AAAA000000000000000000AB /* ZCTAPolygonCodec.swift in Sources */ = {isa = PBXBuildFile; fileRef = AAAA000000000000000000AA /* ZCTAPolygonCodec.swift */; };
		AAAA000000000000000000AC /* Assets.xcassets in Resources */ = {isa = PBXBuildFile; fileRef = AAAA00000000000000000005 /* Assets.xcassets */; };
		AAAA000000000000000000AD /* PrivacyInfo.xcprivacy in Resources */ = {isa = PBXBuildFile; fileRef = AAAA00000000000000000004 /* PrivacyInfo.xcprivacy */; };
		AAAA000000000000000000AE /* ZCTA in Resources */ = {isa = PBXBuildFile; fileRef = AAAA00000000000000000006 /* ZCTA */; };
		AAAA000000000000000000B0 /* AutoColorGateTests.swift in Sources */ = {isa = PBXBuildFile; fileRef = AAAA000000000000000000AF /* AutoColorGateTests.swift */; };
		AAAA000000000000000000B2 /* BoundaryDistanceTests.swift in Sources */ = {isa = PBXBuildFile; fileRef = AAAA000000000000000000B1 /* BoundaryDistanceTests.swift */; };
		AAAA000000000000000000B4 /* CSVServiceTests.swift in Sources */ = {isa = PBXBuildFile; fileRef = AAAA000000000000000000B3 /* CSVServiceTests.swift */; };
		AAAA000000000000000000B6 /* CoverageServiceTests.swift in Sources */ = {isa = PBXBuildFile; fileRef = AAAA000000000000000000B5 /* CoverageServiceTests.swift */; };
		AAAA000000000000000000B8 /* LocationFilterTests.swift in Sources */ = {isa = PBXBuildFile; fileRef = AAAA000000000000000000B7 /* LocationFilterTests.swift */; };
		AAAA000000000000000000BA /* MapZoomResolverTests.swift in Sources */ = {isa = PBXBuildFile; fileRef = AAAA000000000000000000B9 /* MapZoomResolverTests.swift */; };
		AAAA000000000000000000BC /* PointInPolygonTests.swift in Sources */ = {isa = PBXBuildFile; fileRef = AAAA000000000000000000BB /* PointInPolygonTests.swift */; };
		AAAA000000000000000000BE /* StatisticsServiceTests.swift in Sources */ = {isa = PBXBuildFile; fileRef = AAAA000000000000000000BD /* StatisticsServiceTests.swift */; };
		AAAA000000000000000000C0 /* USStateResolverTests.swift in Sources */ = {isa = PBXBuildFile; fileRef = AAAA000000000000000000BF /* USStateResolverTests.swift */; };
		AAAA000000000000000000C2 /* VisitTransitionServiceTests.swift in Sources */ = {isa = PBXBuildFile; fileRef = AAAA000000000000000000C1 /* VisitTransitionServiceTests.swift */; };
		AAAA000000000000000000C4 /* ZCTAIndexTests.swift in Sources */ = {isa = PBXBuildFile; fileRef = AAAA000000000000000000C3 /* ZCTAIndexTests.swift */; };
		AAAA000000000000000000C6 /* ZCTAPolygonCodecTests.swift in Sources */ = {isa = PBXBuildFile; fileRef = AAAA000000000000000000C5 /* ZCTAPolygonCodecTests.swift */; };
		AAAA000000000000000000C7 /* zcta_sample.sqlite in Resources */ = {isa = PBXBuildFile; fileRef = AAAA00000000000000000007 /* zcta_sample.sqlite */; };
/* End PBXBuildFile section */

/* Begin PBXContainerItemProxy section */
		AAAA000000000000000000E9 /* PBXContainerItemProxy */ = {
			isa = PBXContainerItemProxy;
			containerPortal = AAAA000000000000DEADBEEF /* Project object */;
			proxyType = 1;
			remoteGlobalIDString = AAAA000000000000000000E7;
			remoteInfo = Roam;
		};
/* End PBXContainerItemProxy section */

/* Begin PBXFileReference section */
		AAAA00000000000000000001 /* Roam.app */ = {isa = PBXFileReference; explicitFileType = "wrapper.application"; includeInIndex = 0; path = "Roam.app"; sourceTree = BUILT_PRODUCTS_DIR; };
		AAAA00000000000000000002 /* RoamTests.xctest */ = {isa = PBXFileReference; explicitFileType = "wrapper.cfbundle"; includeInIndex = 0; path = "RoamTests.xctest"; sourceTree = BUILT_PRODUCTS_DIR; };
		AAAA00000000000000000003 /* Info.plist */ = {isa = PBXFileReference; lastKnownFileType = text.plist.xml; name = "Info.plist"; path = "Roam/Resources/Info.plist"; sourceTree = "<group>"; };
		AAAA00000000000000000004 /* PrivacyInfo.xcprivacy */ = {isa = PBXFileReference; lastKnownFileType = text.plist.xml; name = "PrivacyInfo.xcprivacy"; path = "Roam/Resources/PrivacyInfo.xcprivacy"; sourceTree = "<group>"; };
		AAAA00000000000000000005 /* Assets.xcassets */ = {isa = PBXFileReference; lastKnownFileType = folder.assetcatalog; name = "Assets.xcassets"; path = "Roam/Resources/Assets.xcassets"; sourceTree = "<group>"; };
		AAAA00000000000000000006 /* ZCTA */ = {isa = PBXFileReference; lastKnownFileType = folder; name = ZCTA; path = "Roam/Resources/ZCTA"; sourceTree = "<group>"; };
		AAAA00000000000000000007 /* zcta_sample.sqlite */ = {isa = PBXFileReference; lastKnownFileType = file; name = "zcta_sample.sqlite"; path = "Roam/Resources/ZCTA/zcta_sample.sqlite"; sourceTree = "<group>"; };
		AAAA00000000000000000008 /* AppConstants.swift */ = {isa = PBXFileReference; lastKnownFileType = sourcecode.swift; name = "AppConstants.swift"; path = "Roam/App/AppConstants.swift"; sourceTree = "<group>"; };
		AAAA0000000000000000000A /* AppDelegate.swift */ = {isa = PBXFileReference; lastKnownFileType = sourcecode.swift; name = "AppDelegate.swift"; path = "Roam/App/AppDelegate.swift"; sourceTree = "<group>"; };
		AAAA0000000000000000000C /* DependencyContainer.swift */ = {isa = PBXFileReference; lastKnownFileType = sourcecode.swift; name = "DependencyContainer.swift"; path = "Roam/App/DependencyContainer.swift"; sourceTree = "<group>"; };
		AAAA0000000000000000000E /* RoamApp.swift */ = {isa = PBXFileReference; lastKnownFileType = sourcecode.swift; name = "RoamApp.swift"; path = "Roam/App/RoamApp.swift"; sourceTree = "<group>"; };
		AAAA00000000000000000010 /* RoamComponents.swift */ = {isa = PBXFileReference; lastKnownFileType = sourcecode.swift; name = "RoamComponents.swift"; path = "Roam/DesignSystem/RoamComponents.swift"; sourceTree = "<group>"; };
		AAAA00000000000000000012 /* Theme.swift */ = {isa = PBXFileReference; lastKnownFileType = sourcecode.swift; name = "Theme.swift"; path = "Roam/DesignSystem/Theme.swift"; sourceTree = "<group>"; };
		AAAA00000000000000000014 /* AutoColorGate.swift */ = {isa = PBXFileReference; lastKnownFileType = sourcecode.swift; name = "AutoColorGate.swift"; path = "Roam/Location/AutoColorGate.swift"; sourceTree = "<group>"; };
		AAAA00000000000000000016 /* BackgroundLocationService.swift */ = {isa = PBXFileReference; lastKnownFileType = sourcecode.swift; name = "BackgroundLocationService.swift"; path = "Roam/Location/BackgroundLocationService.swift"; sourceTree = "<group>"; };
		AAAA00000000000000000018 /* LocationAuthorizationService.swift */ = {isa = PBXFileReference; lastKnownFileType = sourcecode.swift; name = "LocationAuthorizationService.swift"; path = "Roam/Location/LocationAuthorizationService.swift"; sourceTree = "<group>"; };
		AAAA0000000000000000001A /* LocationEventProcessor.swift */ = {isa = PBXFileReference; lastKnownFileType = sourcecode.swift; name = "LocationEventProcessor.swift"; path = "Roam/Location/LocationEventProcessor.swift"; sourceTree = "<group>"; };
		AAAA0000000000000000001C /* LocationFilter.swift */ = {isa = PBXFileReference; lastKnownFileType = sourcecode.swift; name = "LocationFilter.swift"; path = "Roam/Location/LocationFilter.swift"; sourceTree = "<group>"; };
		AAAA0000000000000000001E /* SimulatedLocationPlayer.swift */ = {isa = PBXFileReference; lastKnownFileType = sourcecode.swift; name = "SimulatedLocationPlayer.swift"; path = "Roam/Location/SimulatedLocationPlayer.swift"; sourceTree = "<group>"; };
		AAAA00000000000000000020 /* TrackingState.swift */ = {isa = PBXFileReference; lastKnownFileType = sourcecode.swift; name = "TrackingState.swift"; path = "Roam/Location/TrackingState.swift"; sourceTree = "<group>"; };
		AAAA00000000000000000022 /* MapZoomResolver.swift */ = {isa = PBXFileReference; lastKnownFileType = sourcecode.swift; name = "MapZoomResolver.swift"; path = "Roam/Map/MapZoomResolver.swift"; sourceTree = "<group>"; };
		AAAA00000000000000000024 /* TrackerMapCoordinator.swift */ = {isa = PBXFileReference; lastKnownFileType = sourcecode.swift; name = "TrackerMapCoordinator.swift"; path = "Roam/Map/TrackerMapCoordinator.swift"; sourceTree = "<group>"; };
		AAAA00000000000000000026 /* TrackerMapViewRepresentable.swift */ = {isa = PBXFileReference; lastKnownFileType = sourcecode.swift; name = "TrackerMapViewRepresentable.swift"; path = "Roam/Map/TrackerMapViewRepresentable.swift"; sourceTree = "<group>"; };
		AAAA00000000000000000028 /* ZCTAOverlayFactory.swift */ = {isa = PBXFileReference; lastKnownFileType = sourcecode.swift; name = "ZCTAOverlayFactory.swift"; path = "Roam/Map/ZCTAOverlayFactory.swift"; sourceTree = "<group>"; };
		AAAA0000000000000000002A /* ZCTAOverlayRenderer.swift */ = {isa = PBXFileReference; lastKnownFileType = sourcecode.swift; name = "ZCTAOverlayRenderer.swift"; path = "Roam/Map/ZCTAOverlayRenderer.swift"; sourceTree = "<group>"; };
		AAAA0000000000000000002C /* ZTAMapAnnotation.swift */ = {isa = PBXFileReference; lastKnownFileType = sourcecode.swift; name = "ZTAMapAnnotation.swift"; path = "Roam/Map/ZTAMapAnnotation.swift"; sourceTree = "<group>"; };
		AAAA0000000000000000002E /* AppSettings.swift */ = {isa = PBXFileReference; lastKnownFileType = sourcecode.swift; name = "AppSettings.swift"; path = "Roam/Models/AppSettings.swift"; sourceTree = "<group>"; };
		AAAA00000000000000000030 /* ExportRecord.swift */ = {isa = PBXFileReference; lastKnownFileType = sourcecode.swift; name = "ExportRecord.swift"; path = "Roam/Models/ExportRecord.swift"; sourceTree = "<group>"; };
		AAAA00000000000000000032 /* ModelSchema.swift */ = {isa = PBXFileReference; lastKnownFileType = sourcecode.swift; name = "ModelSchema.swift"; path = "Roam/Models/ModelSchema.swift"; sourceTree = "<group>"; };
		AAAA00000000000000000034 /* TrackedZCTA.swift */ = {isa = PBXFileReference; lastKnownFileType = sourcecode.swift; name = "TrackedZCTA.swift"; path = "Roam/Models/TrackedZCTA.swift"; sourceTree = "<group>"; };
		AAAA00000000000000000036 /* TrackingEventLog.swift */ = {isa = PBXFileReference; lastKnownFileType = sourcecode.swift; name = "TrackingEventLog.swift"; path = "Roam/Models/TrackingEventLog.swift"; sourceTree = "<group>"; };
		AAAA00000000000000000038 /* ValueTypes.swift */ = {isa = PBXFileReference; lastKnownFileType = sourcecode.swift; name = "ValueTypes.swift"; path = "Roam/Models/ValueTypes.swift"; sourceTree = "<group>"; };
		AAAA0000000000000000003A /* ZCTAVisit.swift */ = {isa = PBXFileReference; lastKnownFileType = sourcecode.swift; name = "ZCTAVisit.swift"; path = "Roam/Models/ZCTAVisit.swift"; sourceTree = "<group>"; };
		AAAA0000000000000000003C /* CSVService.swift */ = {isa = PBXFileReference; lastKnownFileType = sourcecode.swift; name = "CSVService.swift"; path = "Roam/Services/CSVService.swift"; sourceTree = "<group>"; };
		AAAA0000000000000000003E /* CoverageService.swift */ = {isa = PBXFileReference; lastKnownFileType = sourcecode.swift; name = "CoverageService.swift"; path = "Roam/Services/CoverageService.swift"; sourceTree = "<group>"; };
		AAAA00000000000000000040 /* ExportService.swift */ = {isa = PBXFileReference; lastKnownFileType = sourcecode.swift; name = "ExportService.swift"; path = "Roam/Services/ExportService.swift"; sourceTree = "<group>"; };
		AAAA00000000000000000042 /* FileStore.swift */ = {isa = PBXFileReference; lastKnownFileType = sourcecode.swift; name = "FileStore.swift"; path = "Roam/Services/FileStore.swift"; sourceTree = "<group>"; };
		AAAA00000000000000000044 /* HapticsService.swift */ = {isa = PBXFileReference; lastKnownFileType = sourcecode.swift; name = "HapticsService.swift"; path = "Roam/Services/HapticsService.swift"; sourceTree = "<group>"; };
		AAAA00000000000000000046 /* MetricsService.swift */ = {isa = PBXFileReference; lastKnownFileType = sourcecode.swift; name = "MetricsService.swift"; path = "Roam/Services/MetricsService.swift"; sourceTree = "<group>"; };
		AAAA00000000000000000048 /* ModelStore.swift */ = {isa = PBXFileReference; lastKnownFileType = sourcecode.swift; name = "ModelStore.swift"; path = "Roam/Services/ModelStore.swift"; sourceTree = "<group>"; };
		AAAA0000000000000000004A /* SampleDataService.swift */ = {isa = PBXFileReference; lastKnownFileType = sourcecode.swift; name = "SampleDataService.swift"; path = "Roam/Services/SampleDataService.swift"; sourceTree = "<group>"; };
		AAAA0000000000000000004C /* StatisticsService.swift */ = {isa = PBXFileReference; lastKnownFileType = sourcecode.swift; name = "StatisticsService.swift"; path = "Roam/Services/StatisticsService.swift"; sourceTree = "<group>"; };
		AAAA0000000000000000004E /* StoreManager.swift */ = {isa = PBXFileReference; lastKnownFileType = sourcecode.swift; name = "StoreManager.swift"; path = "Roam/Services/StoreManager.swift"; sourceTree = "<group>"; };
		AAAA00000000000000000050 /* USStateResolver.swift */ = {isa = PBXFileReference; lastKnownFileType = sourcecode.swift; name = "USStateResolver.swift"; path = "Roam/Services/USStateResolver.swift"; sourceTree = "<group>"; };
		AAAA00000000000000000052 /* VisitTransitionService.swift */ = {isa = PBXFileReference; lastKnownFileType = sourcecode.swift; name = "VisitTransitionService.swift"; path = "Roam/Services/VisitTransitionService.swift"; sourceTree = "<group>"; };
		AAAA00000000000000000054 /* DashboardViewModel.swift */ = {isa = PBXFileReference; lastKnownFileType = sourcecode.swift; name = "DashboardViewModel.swift"; path = "Roam/ViewModels/DashboardViewModel.swift"; sourceTree = "<group>"; };
		AAAA00000000000000000056 /* DataStatusViewModel.swift */ = {isa = PBXFileReference; lastKnownFileType = sourcecode.swift; name = "DataStatusViewModel.swift"; path = "Roam/ViewModels/DataStatusViewModel.swift"; sourceTree = "<group>"; };
		AAAA00000000000000000058 /* HistoryViewModel.swift */ = {isa = PBXFileReference; lastKnownFileType = sourcecode.swift; name = "HistoryViewModel.swift"; path = "Roam/ViewModels/HistoryViewModel.swift"; sourceTree = "<group>"; };
		AAAA0000000000000000005A /* MapViewModel.swift */ = {isa = PBXFileReference; lastKnownFileType = sourcecode.swift; name = "MapViewModel.swift"; path = "Roam/ViewModels/MapViewModel.swift"; sourceTree = "<group>"; };
		AAAA0000000000000000005C /* RootViewModel.swift */ = {isa = PBXFileReference; lastKnownFileType = sourcecode.swift; name = "RootViewModel.swift"; path = "Roam/ViewModels/RootViewModel.swift"; sourceTree = "<group>"; };
		AAAA0000000000000000005E /* SettingsViewModel.swift */ = {isa = PBXFileReference; lastKnownFileType = sourcecode.swift; name = "SettingsViewModel.swift"; path = "Roam/ViewModels/SettingsViewModel.swift"; sourceTree = "<group>"; };
		AAAA00000000000000000060 /* ZCTADetailViewModel.swift */ = {isa = PBXFileReference; lastKnownFileType = sourcecode.swift; name = "ZCTADetailViewModel.swift"; path = "Roam/ViewModels/ZCTADetailViewModel.swift"; sourceTree = "<group>"; };
		AAAA00000000000000000062 /* AppTabView.swift */ = {isa = PBXFileReference; lastKnownFileType = sourcecode.swift; name = "AppTabView.swift"; path = "Roam/Views/AppTabView.swift"; sourceTree = "<group>"; };
		AAAA00000000000000000064 /* ActivityView.swift */ = {isa = PBXFileReference; lastKnownFileType = sourcecode.swift; name = "ActivityView.swift"; path = "Roam/Views/Components/ActivityView.swift"; sourceTree = "<group>"; };
		AAAA00000000000000000066 /* EmptyStateView.swift */ = {isa = PBXFileReference; lastKnownFileType = sourcecode.swift; name = "EmptyStateView.swift"; path = "Roam/Views/Components/EmptyStateView.swift"; sourceTree = "<group>"; };
		AAAA00000000000000000068 /* ErrorBanner.swift */ = {isa = PBXFileReference; lastKnownFileType = sourcecode.swift; name = "ErrorBanner.swift"; path = "Roam/Views/Components/ErrorBanner.swift"; sourceTree = "<group>"; };
		AAAA0000000000000000006A /* Formatters.swift */ = {isa = PBXFileReference; lastKnownFileType = sourcecode.swift; name = "Formatters.swift"; path = "Roam/Views/Components/Formatters.swift"; sourceTree = "<group>"; };
		AAAA0000000000000000006C /* GlassPanel.swift */ = {isa = PBXFileReference; lastKnownFileType = sourcecode.swift; name = "GlassPanel.swift"; path = "Roam/Views/Components/GlassPanel.swift"; sourceTree = "<group>"; };
		AAAA0000000000000000006E /* PrimaryButton.swift */ = {isa = PBXFileReference; lastKnownFileType = sourcecode.swift; name = "PrimaryButton.swift"; path = "Roam/Views/Components/PrimaryButton.swift"; sourceTree = "<group>"; };
		AAAA00000000000000000070 /* CurrentZCTACard.swift */ = {isa = PBXFileReference; lastKnownFileType = sourcecode.swift; name = "CurrentZCTACard.swift"; path = "Roam/Views/CurrentZCTACard.swift"; sourceTree = "<group>"; };
		AAAA00000000000000000072 /* DashboardView.swift */ = {isa = PBXFileReference; lastKnownFileType = sourcecode.swift; name = "DashboardView.swift"; path = "Roam/Views/DashboardView.swift"; sourceTree = "<group>"; };
		AAAA00000000000000000074 /* DataStatusView.swift */ = {isa = PBXFileReference; lastKnownFileType = sourcecode.swift; name = "DataStatusView.swift"; path = "Roam/Views/DataStatusView.swift"; sourceTree = "<group>"; };
		AAAA00000000000000000076 /* ExportDataView.swift */ = {isa = PBXFileReference; lastKnownFileType = sourcecode.swift; name = "ExportDataView.swift"; path = "Roam/Views/ExportDataView.swift"; sourceTree = "<group>"; };
		AAAA00000000000000000078 /* HistoryView.swift */ = {isa = PBXFileReference; lastKnownFileType = sourcecode.swift; name = "HistoryView.swift"; path = "Roam/Views/HistoryView.swift"; sourceTree = "<group>"; };
		AAAA0000000000000000007A /* MapControlsPanel.swift */ = {isa = PBXFileReference; lastKnownFileType = sourcecode.swift; name = "MapControlsPanel.swift"; path = "Roam/Views/MapControlsPanel.swift"; sourceTree = "<group>"; };
		AAAA0000000000000000007C /* OnboardingView.swift */ = {isa = PBXFileReference; lastKnownFileType = sourcecode.swift; name = "OnboardingView.swift"; path = "Roam/Views/OnboardingView.swift"; sourceTree = "<group>"; };
		AAAA0000000000000000007E /* PaywallView.swift */ = {isa = PBXFileReference; lastKnownFileType = sourcecode.swift; name = "PaywallView.swift"; path = "Roam/Views/PaywallView.swift"; sourceTree = "<group>"; };
		AAAA00000000000000000080 /* PermissionEducationView.swift */ = {isa = PBXFileReference; lastKnownFileType = sourcecode.swift; name = "PermissionEducationView.swift"; path = "Roam/Views/PermissionEducationView.swift"; sourceTree = "<group>"; };
		AAAA00000000000000000082 /* PrivacyHelpView.swift */ = {isa = PBXFileReference; lastKnownFileType = sourcecode.swift; name = "PrivacyHelpView.swift"; path = "Roam/Views/PrivacyHelpView.swift"; sourceTree = "<group>"; };
		AAAA00000000000000000084 /* RootView.swift */ = {isa = PBXFileReference; lastKnownFileType = sourcecode.swift; name = "RootView.swift"; path = "Roam/Views/RootView.swift"; sourceTree = "<group>"; };
		AAAA00000000000000000086 /* SelectedZCTACard.swift */ = {isa = PBXFileReference; lastKnownFileType = sourcecode.swift; name = "SelectedZCTACard.swift"; path = "Roam/Views/SelectedZCTACard.swift"; sourceTree = "<group>"; };
		AAAA00000000000000000088 /* SettingsView.swift */ = {isa = PBXFileReference; lastKnownFileType = sourcecode.swift; name = "SettingsView.swift"; path = "Roam/Views/SettingsView.swift"; sourceTree = "<group>"; };
		AAAA0000000000000000008A /* CoverageShareView.swift */ = {isa = PBXFileReference; lastKnownFileType = sourcecode.swift; name = "CoverageShareView.swift"; path = "Roam/Views/Share/CoverageShareView.swift"; sourceTree = "<group>"; };
		AAAA0000000000000000008C /* ShareCardView.swift */ = {isa = PBXFileReference; lastKnownFileType = sourcecode.swift; name = "ShareCardView.swift"; path = "Roam/Views/Share/ShareCardView.swift"; sourceTree = "<group>"; };
		AAAA0000000000000000008E /* StatisticsView.swift */ = {isa = PBXFileReference; lastKnownFileType = sourcecode.swift; name = "StatisticsView.swift"; path = "Roam/Views/StatisticsView.swift"; sourceTree = "<group>"; };
		AAAA00000000000000000090 /* TrackerMapView.swift */ = {isa = PBXFileReference; lastKnownFileType = sourcecode.swift; name = "TrackerMapView.swift"; path = "Roam/Views/TrackerMapView.swift"; sourceTree = "<group>"; };
		AAAA00000000000000000092 /* TrackingSettingsView.swift */ = {isa = PBXFileReference; lastKnownFileType = sourcecode.swift; name = "TrackingSettingsView.swift"; path = "Roam/Views/TrackingSettingsView.swift"; sourceTree = "<group>"; };
		AAAA00000000000000000094 /* TrackingStatusCard.swift */ = {isa = PBXFileReference; lastKnownFileType = sourcecode.swift; name = "TrackingStatusCard.swift"; path = "Roam/Views/TrackingStatusCard.swift"; sourceTree = "<group>"; };
		AAAA00000000000000000096 /* VisitTimelineView.swift */ = {isa = PBXFileReference; lastKnownFileType = sourcecode.swift; name = "VisitTimelineView.swift"; path = "Roam/Views/VisitTimelineView.swift"; sourceTree = "<group>"; };
		AAAA00000000000000000098 /* ZCTADetailView.swift */ = {isa = PBXFileReference; lastKnownFileType = sourcecode.swift; name = "ZCTADetailView.swift"; path = "Roam/Views/ZCTADetailView.swift"; sourceTree = "<group>"; };
		AAAA0000000000000000009A /* ZCTAVisitRow.swift */ = {isa = PBXFileReference; lastKnownFileType = sourcecode.swift; name = "ZCTAVisitRow.swift"; path = "Roam/Views/ZCTAVisitRow.swift"; sourceTree = "<group>"; };
		AAAA0000000000000000009C /* PointInPolygon.swift */ = {isa = PBXFileReference; lastKnownFileType = sourcecode.swift; name = "PointInPolygon.swift"; path = "Roam/ZCTA/PointInPolygon.swift"; sourceTree = "<group>"; };
		AAAA0000000000000000009E /* SpatialIndexTypes.swift */ = {isa = PBXFileReference; lastKnownFileType = sourcecode.swift; name = "SpatialIndexTypes.swift"; path = "Roam/ZCTA/SpatialIndexTypes.swift"; sourceTree = "<group>"; };
		AAAA000000000000000000A0 /* ZCTABundleMetadata.swift */ = {isa = PBXFileReference; lastKnownFileType = sourcecode.swift; name = "ZCTABundleMetadata.swift"; path = "Roam/ZCTA/ZCTABundleMetadata.swift"; sourceTree = "<group>"; };
		AAAA000000000000000000A2 /* ZCTADatabase.swift */ = {isa = PBXFileReference; lastKnownFileType = sourcecode.swift; name = "ZCTADatabase.swift"; path = "Roam/ZCTA/ZCTADatabase.swift"; sourceTree = "<group>"; };
		AAAA000000000000000000A4 /* ZCTAGeometryService.swift */ = {isa = PBXFileReference; lastKnownFileType = sourcecode.swift; name = "ZCTAGeometryService.swift"; path = "Roam/ZCTA/ZCTAGeometryService.swift"; sourceTree = "<group>"; };
		AAAA000000000000000000A6 /* ZCTAIndex.swift */ = {isa = PBXFileReference; lastKnownFileType = sourcecode.swift; name = "ZCTAIndex.swift"; path = "Roam/ZCTA/ZCTAIndex.swift"; sourceTree = "<group>"; };
		AAAA000000000000000000A8 /* ZCTAPolygon.swift */ = {isa = PBXFileReference; lastKnownFileType = sourcecode.swift; name = "ZCTAPolygon.swift"; path = "Roam/ZCTA/ZCTAPolygon.swift"; sourceTree = "<group>"; };
		AAAA000000000000000000AA /* ZCTAPolygonCodec.swift */ = {isa = PBXFileReference; lastKnownFileType = sourcecode.swift; name = "ZCTAPolygonCodec.swift"; path = "Roam/ZCTA/ZCTAPolygonCodec.swift"; sourceTree = "<group>"; };
		AAAA000000000000000000AF /* AutoColorGateTests.swift */ = {isa = PBXFileReference; lastKnownFileType = sourcecode.swift; name = "AutoColorGateTests.swift"; path = "Tests/AutoColorGateTests.swift"; sourceTree = "<group>"; };
		AAAA000000000000000000B1 /* BoundaryDistanceTests.swift */ = {isa = PBXFileReference; lastKnownFileType = sourcecode.swift; name = "BoundaryDistanceTests.swift"; path = "Tests/BoundaryDistanceTests.swift"; sourceTree = "<group>"; };
		AAAA000000000000000000B3 /* CSVServiceTests.swift */ = {isa = PBXFileReference; lastKnownFileType = sourcecode.swift; name = "CSVServiceTests.swift"; path = "Tests/CSVServiceTests.swift"; sourceTree = "<group>"; };
		AAAA000000000000000000B5 /* CoverageServiceTests.swift */ = {isa = PBXFileReference; lastKnownFileType = sourcecode.swift; name = "CoverageServiceTests.swift"; path = "Tests/CoverageServiceTests.swift"; sourceTree = "<group>"; };
		AAAA000000000000000000B7 /* LocationFilterTests.swift */ = {isa = PBXFileReference; lastKnownFileType = sourcecode.swift; name = "LocationFilterTests.swift"; path = "Tests/LocationFilterTests.swift"; sourceTree = "<group>"; };
		AAAA000000000000000000B9 /* MapZoomResolverTests.swift */ = {isa = PBXFileReference; lastKnownFileType = sourcecode.swift; name = "MapZoomResolverTests.swift"; path = "Tests/MapZoomResolverTests.swift"; sourceTree = "<group>"; };
		AAAA000000000000000000BB /* PointInPolygonTests.swift */ = {isa = PBXFileReference; lastKnownFileType = sourcecode.swift; name = "PointInPolygonTests.swift"; path = "Tests/PointInPolygonTests.swift"; sourceTree = "<group>"; };
		AAAA000000000000000000BD /* StatisticsServiceTests.swift */ = {isa = PBXFileReference; lastKnownFileType = sourcecode.swift; name = "StatisticsServiceTests.swift"; path = "Tests/StatisticsServiceTests.swift"; sourceTree = "<group>"; };
		AAAA000000000000000000BF /* USStateResolverTests.swift */ = {isa = PBXFileReference; lastKnownFileType = sourcecode.swift; name = "USStateResolverTests.swift"; path = "Tests/USStateResolverTests.swift"; sourceTree = "<group>"; };
		AAAA000000000000000000C1 /* VisitTransitionServiceTests.swift */ = {isa = PBXFileReference; lastKnownFileType = sourcecode.swift; name = "VisitTransitionServiceTests.swift"; path = "Tests/VisitTransitionServiceTests.swift"; sourceTree = "<group>"; };
		AAAA000000000000000000C3 /* ZCTAIndexTests.swift */ = {isa = PBXFileReference; lastKnownFileType = sourcecode.swift; name = "ZCTAIndexTests.swift"; path = "Tests/ZCTAIndexTests.swift"; sourceTree = "<group>"; };
		AAAA000000000000000000C5 /* ZCTAPolygonCodecTests.swift */ = {isa = PBXFileReference; lastKnownFileType = sourcecode.swift; name = "ZCTAPolygonCodecTests.swift"; path = "Tests/ZCTAPolygonCodecTests.swift"; sourceTree = "<group>"; };
/* End PBXFileReference section */

/* Begin PBXFrameworksBuildPhase section */
		AAAA000000000000000000CA /* Frameworks */ = {
			isa = PBXFrameworksBuildPhase;
			buildActionMask = 2147483647;
			files = (

			);
			runOnlyForDeploymentPostprocessing = 0;
		};
		AAAA000000000000000000CD /* Frameworks */ = {
			isa = PBXFrameworksBuildPhase;
			buildActionMask = 2147483647;
			files = (

			);
			runOnlyForDeploymentPostprocessing = 0;
		};
/* End PBXFrameworksBuildPhase section */

/* Begin PBXGroup section */
		AAAA000000000000000000CE /* App */ = {
			isa = PBXGroup;
			children = (
				AAAA00000000000000000008 /* AppConstants.swift */,
				AAAA0000000000000000000A /* AppDelegate.swift */,
				AAAA0000000000000000000C /* DependencyContainer.swift */,
				AAAA0000000000000000000E /* RoamApp.swift */,
			);
			name = "App";
			sourceTree = "<group>";
		};
		AAAA000000000000000000CF /* DesignSystem */ = {
			isa = PBXGroup;
			children = (
				AAAA00000000000000000010 /* RoamComponents.swift */,
				AAAA00000000000000000012 /* Theme.swift */,
			);
			name = "DesignSystem";
			sourceTree = "<group>";
		};
		AAAA000000000000000000D0 /* Location */ = {
			isa = PBXGroup;
			children = (
				AAAA00000000000000000014 /* AutoColorGate.swift */,
				AAAA00000000000000000016 /* BackgroundLocationService.swift */,
				AAAA00000000000000000018 /* LocationAuthorizationService.swift */,
				AAAA0000000000000000001A /* LocationEventProcessor.swift */,
				AAAA0000000000000000001C /* LocationFilter.swift */,
				AAAA0000000000000000001E /* SimulatedLocationPlayer.swift */,
				AAAA00000000000000000020 /* TrackingState.swift */,
			);
			name = "Location";
			sourceTree = "<group>";
		};
		AAAA000000000000000000D1 /* Map */ = {
			isa = PBXGroup;
			children = (
				AAAA00000000000000000022 /* MapZoomResolver.swift */,
				AAAA00000000000000000024 /* TrackerMapCoordinator.swift */,
				AAAA00000000000000000026 /* TrackerMapViewRepresentable.swift */,
				AAAA00000000000000000028 /* ZCTAOverlayFactory.swift */,
				AAAA0000000000000000002A /* ZCTAOverlayRenderer.swift */,
				AAAA0000000000000000002C /* ZTAMapAnnotation.swift */,
			);
			name = "Map";
			sourceTree = "<group>";
		};
		AAAA000000000000000000D2 /* Models */ = {
			isa = PBXGroup;
			children = (
				AAAA0000000000000000002E /* AppSettings.swift */,
				AAAA00000000000000000030 /* ExportRecord.swift */,
				AAAA00000000000000000032 /* ModelSchema.swift */,
				AAAA00000000000000000034 /* TrackedZCTA.swift */,
				AAAA00000000000000000036 /* TrackingEventLog.swift */,
				AAAA00000000000000000038 /* ValueTypes.swift */,
				AAAA0000000000000000003A /* ZCTAVisit.swift */,
			);
			name = "Models";
			sourceTree = "<group>";
		};
		AAAA000000000000000000D3 /* Services */ = {
			isa = PBXGroup;
			children = (
				AAAA0000000000000000003C /* CSVService.swift */,
				AAAA0000000000000000003E /* CoverageService.swift */,
				AAAA00000000000000000040 /* ExportService.swift */,
				AAAA00000000000000000042 /* FileStore.swift */,
				AAAA00000000000000000044 /* HapticsService.swift */,
				AAAA00000000000000000046 /* MetricsService.swift */,
				AAAA00000000000000000048 /* ModelStore.swift */,
				AAAA0000000000000000004A /* SampleDataService.swift */,
				AAAA0000000000000000004C /* StatisticsService.swift */,
				AAAA0000000000000000004E /* StoreManager.swift */,
				AAAA00000000000000000050 /* USStateResolver.swift */,
				AAAA00000000000000000052 /* VisitTransitionService.swift */,
			);
			name = "Services";
			sourceTree = "<group>";
		};
		AAAA000000000000000000D4 /* ViewModels */ = {
			isa = PBXGroup;
			children = (
				AAAA00000000000000000054 /* DashboardViewModel.swift */,
				AAAA00000000000000000056 /* DataStatusViewModel.swift */,
				AAAA00000000000000000058 /* HistoryViewModel.swift */,
				AAAA0000000000000000005A /* MapViewModel.swift */,
				AAAA0000000000000000005C /* RootViewModel.swift */,
				AAAA0000000000000000005E /* SettingsViewModel.swift */,
				AAAA00000000000000000060 /* ZCTADetailViewModel.swift */,
			);
			name = "ViewModels";
			sourceTree = "<group>";
		};
		AAAA000000000000000000D5 /* Views */ = {
			isa = PBXGroup;
			children = (
				AAAA00000000000000000062 /* AppTabView.swift */,
				AAAA00000000000000000070 /* CurrentZCTACard.swift */,
				AAAA00000000000000000072 /* DashboardView.swift */,
				AAAA00000000000000000074 /* DataStatusView.swift */,
				AAAA00000000000000000076 /* ExportDataView.swift */,
				AAAA00000000000000000078 /* HistoryView.swift */,
				AAAA0000000000000000007A /* MapControlsPanel.swift */,
				AAAA0000000000000000007C /* OnboardingView.swift */,
				AAAA0000000000000000007E /* PaywallView.swift */,
				AAAA00000000000000000080 /* PermissionEducationView.swift */,
				AAAA00000000000000000082 /* PrivacyHelpView.swift */,
				AAAA00000000000000000084 /* RootView.swift */,
				AAAA00000000000000000086 /* SelectedZCTACard.swift */,
				AAAA00000000000000000088 /* SettingsView.swift */,
				AAAA0000000000000000008E /* StatisticsView.swift */,
				AAAA00000000000000000090 /* TrackerMapView.swift */,
				AAAA00000000000000000092 /* TrackingSettingsView.swift */,
				AAAA00000000000000000094 /* TrackingStatusCard.swift */,
				AAAA00000000000000000096 /* VisitTimelineView.swift */,
				AAAA00000000000000000098 /* ZCTADetailView.swift */,
				AAAA0000000000000000009A /* ZCTAVisitRow.swift */,
			);
			name = "Views";
			sourceTree = "<group>";
		};
		AAAA000000000000000000D6 /* Components */ = {
			isa = PBXGroup;
			children = (
				AAAA00000000000000000064 /* ActivityView.swift */,
				AAAA00000000000000000066 /* EmptyStateView.swift */,
				AAAA00000000000000000068 /* ErrorBanner.swift */,
				AAAA0000000000000000006A /* Formatters.swift */,
				AAAA0000000000000000006C /* GlassPanel.swift */,
				AAAA0000000000000000006E /* PrimaryButton.swift */,
			);
			name = "Components";
			sourceTree = "<group>";
		};
		AAAA000000000000000000D7 /* Share */ = {
			isa = PBXGroup;
			children = (
				AAAA0000000000000000008A /* CoverageShareView.swift */,
				AAAA0000000000000000008C /* ShareCardView.swift */,
			);
			name = "Share";
			sourceTree = "<group>";
		};
		AAAA000000000000000000D8 /* ZCTA */ = {
			isa = PBXGroup;
			children = (
				AAAA0000000000000000009C /* PointInPolygon.swift */,
				AAAA0000000000000000009E /* SpatialIndexTypes.swift */,
				AAAA000000000000000000A0 /* ZCTABundleMetadata.swift */,
				AAAA000000000000000000A2 /* ZCTADatabase.swift */,
				AAAA000000000000000000A4 /* ZCTAGeometryService.swift */,
				AAAA000000000000000000A6 /* ZCTAIndex.swift */,
				AAAA000000000000000000A8 /* ZCTAPolygon.swift */,
				AAAA000000000000000000AA /* ZCTAPolygonCodec.swift */,
			);
			name = "ZCTA";
			sourceTree = "<group>";
		};
		AAAA000000000000000000D9 /* Resources */ = {
			isa = PBXGroup;
			children = (
				AAAA00000000000000000003 /* Info.plist */,
				AAAA00000000000000000005 /* Assets.xcassets */,
				AAAA00000000000000000004 /* PrivacyInfo.xcprivacy */,
				AAAA00000000000000000006 /* ZCTA */,
			);
			name = "Resources";
			sourceTree = "<group>";
		};
		AAAA000000000000000000DA /* Roam */ = {
			isa = PBXGroup;
			children = (
				AAAA000000000000000000CE /* App */,
				AAAA000000000000000000CF /* DesignSystem */,
				AAAA000000000000000000D0 /* Location */,
				AAAA000000000000000000D1 /* Map */,
				AAAA000000000000000000D2 /* Models */,
				AAAA000000000000000000D3 /* Services */,
				AAAA000000000000000000D4 /* ViewModels */,
				AAAA000000000000000000D5 /* Views */,
				AAAA000000000000000000D6 /* Components */,
				AAAA000000000000000000D7 /* Share */,
				AAAA000000000000000000D8 /* ZCTA */,
				AAAA000000000000000000D9 /* Resources */,
			);
			name = "Roam";
			sourceTree = "<group>";
		};
		AAAA000000000000000000DB /* Tests */ = {
			isa = PBXGroup;
			children = (
				AAAA000000000000000000AF /* AutoColorGateTests.swift */,
				AAAA000000000000000000B1 /* BoundaryDistanceTests.swift */,
				AAAA000000000000000000B3 /* CSVServiceTests.swift */,
				AAAA000000000000000000B5 /* CoverageServiceTests.swift */,
				AAAA000000000000000000B7 /* LocationFilterTests.swift */,
				AAAA000000000000000000B9 /* MapZoomResolverTests.swift */,
				AAAA000000000000000000BB /* PointInPolygonTests.swift */,
				AAAA000000000000000000BD /* StatisticsServiceTests.swift */,
				AAAA000000000000000000BF /* USStateResolverTests.swift */,
				AAAA000000000000000000C1 /* VisitTransitionServiceTests.swift */,
				AAAA000000000000000000C3 /* ZCTAIndexTests.swift */,
				AAAA000000000000000000C5 /* ZCTAPolygonCodecTests.swift */,
			);
			name = "Tests";
			sourceTree = "<group>";
		};
		AAAA000000000000000000DC /* Products */ = {
			isa = PBXGroup;
			children = (
				AAAA00000000000000000001 /* Roam.app */,
				AAAA00000000000000000002 /* RoamTests.xctest */,
			);
			name = "Products";
			sourceTree = "<group>";
		};
		AAAA000000000000000000DD /* group */ = {
			isa = PBXGroup;
			children = (
				AAAA000000000000000000DA /* Roam */,
				AAAA000000000000000000DB /* Tests */,
				AAAA000000000000000000DC /* Products */,
			);
			sourceTree = "<group>";
		};
/* End PBXGroup section */

/* Begin PBXNativeTarget section */
		AAAA000000000000000000E7 /* Roam */ = {
			isa = PBXNativeTarget;
			buildConfigurationList = AAAA000000000000000000E3 /* Build configuration list for PBXNativeTarget "Roam" */;
			buildPhases = (
				AAAA000000000000000000C8 /* Sources */,
				AAAA000000000000000000CA /* Frameworks */,
				AAAA000000000000000000C9 /* Resources */,
			);
			buildRules = ();
			dependencies = ();
			name = Roam;
			productName = Roam;
			productReference = AAAA00000000000000000001 /* Roam.app */;
			productType = "com.apple.product-type.application";
		};
		AAAA000000000000000000E8 /* RoamTests */ = {
			isa = PBXNativeTarget;
			buildConfigurationList = AAAA000000000000000000E6 /* Build configuration list for PBXNativeTarget "RoamTests" */;
			buildPhases = (
				AAAA000000000000000000CB /* Sources */,
				AAAA000000000000000000CD /* Frameworks */,
				AAAA000000000000000000CC /* Resources */,
			);
			buildRules = ();
			dependencies = (
				AAAA000000000000000000EA /* PBXTargetDependency */,
			);
			name = RoamTests;
			productName = RoamTests;
			productReference = AAAA00000000000000000002 /* RoamTests.xctest */;
			productType = "com.apple.product-type.bundle.unit-test";
		};
/* End PBXNativeTarget section */

/* Begin PBXProject section */
		AAAA000000000000DEADBEEF /* Project object */ = {
			isa = PBXProject;
			attributes = {
				LastSwiftUpdateCheck = 1700;
				LastUpgradeCheck = 1700;
				TargetAttributes = {
					AAAA000000000000000000E7 = {CreatedOnToolsVersion = 17.0;};
					AAAA000000000000000000E8 = {CreatedOnToolsVersion = 17.0; TestTargetID = AAAA000000000000000000E7;};
				};
			};
			buildConfigurationList = AAAA000000000000000000E0 /* Build configuration list for PBXProject "Roam" */;
			compatibilityVersion = "Xcode 15.0";
			developmentRegion = en;
			hasScannedForEncodings = 0;
			knownRegions = (
				en,
				Base,
			);
			mainGroup = AAAA000000000000000000DD;
			productRefGroup = AAAA000000000000000000DC /* Products */;
			projectDirPath = "";
			projectRoot = "";
			targets = (
				AAAA000000000000000000E7 /* Roam */,
				AAAA000000000000000000E8 /* RoamTests */,
			);
		};
/* End PBXProject section */

/* Begin PBXResourcesBuildPhase section */
		AAAA000000000000000000C9 /* Resources */ = {
			isa = PBXResourcesBuildPhase;
			buildActionMask = 2147483647;
			files = (
				AAAA000000000000000000AC /* Resources */,
				AAAA000000000000000000AD /* Resources */,
				AAAA000000000000000000AE /* Resources */,
			);
			runOnlyForDeploymentPostprocessing = 0;
		};
		AAAA000000000000000000CC /* Resources */ = {
			isa = PBXResourcesBuildPhase;
			buildActionMask = 2147483647;
			files = (
				AAAA000000000000000000C7 /* Resources */,
			);
			runOnlyForDeploymentPostprocessing = 0;
		};
/* End PBXResourcesBuildPhase section */

/* Begin PBXSourcesBuildPhase section */
		AAAA000000000000000000C8 /* Sources */ = {
			isa = PBXSourcesBuildPhase;
			buildActionMask = 2147483647;
			files = (
				AAAA00000000000000000009 /* Sources */,
				AAAA0000000000000000000B /* Sources */,
				AAAA0000000000000000000D /* Sources */,
				AAAA0000000000000000000F /* Sources */,
				AAAA00000000000000000011 /* Sources */,
				AAAA00000000000000000013 /* Sources */,
				AAAA00000000000000000015 /* Sources */,
				AAAA00000000000000000017 /* Sources */,
				AAAA00000000000000000019 /* Sources */,
				AAAA0000000000000000001B /* Sources */,
				AAAA0000000000000000001D /* Sources */,
				AAAA0000000000000000001F /* Sources */,
				AAAA00000000000000000021 /* Sources */,
				AAAA00000000000000000023 /* Sources */,
				AAAA00000000000000000025 /* Sources */,
				AAAA00000000000000000027 /* Sources */,
				AAAA00000000000000000029 /* Sources */,
				AAAA0000000000000000002B /* Sources */,
				AAAA0000000000000000002D /* Sources */,
				AAAA0000000000000000002F /* Sources */,
				AAAA00000000000000000031 /* Sources */,
				AAAA00000000000000000033 /* Sources */,
				AAAA00000000000000000035 /* Sources */,
				AAAA00000000000000000037 /* Sources */,
				AAAA00000000000000000039 /* Sources */,
				AAAA0000000000000000003B /* Sources */,
				AAAA0000000000000000003D /* Sources */,
				AAAA0000000000000000003F /* Sources */,
				AAAA00000000000000000041 /* Sources */,
				AAAA00000000000000000043 /* Sources */,
				AAAA00000000000000000045 /* Sources */,
				AAAA00000000000000000047 /* Sources */,
				AAAA00000000000000000049 /* Sources */,
				AAAA0000000000000000004B /* Sources */,
				AAAA0000000000000000004D /* Sources */,
				AAAA0000000000000000004F /* Sources */,
				AAAA00000000000000000051 /* Sources */,
				AAAA00000000000000000053 /* Sources */,
				AAAA00000000000000000055 /* Sources */,
				AAAA00000000000000000057 /* Sources */,
				AAAA00000000000000000059 /* Sources */,
				AAAA0000000000000000005B /* Sources */,
				AAAA0000000000000000005D /* Sources */,
				AAAA0000000000000000005F /* Sources */,
				AAAA00000000000000000061 /* Sources */,
				AAAA00000000000000000063 /* Sources */,
				AAAA00000000000000000065 /* Sources */,
				AAAA00000000000000000067 /* Sources */,
				AAAA00000000000000000069 /* Sources */,
				AAAA0000000000000000006B /* Sources */,
				AAAA0000000000000000006D /* Sources */,
				AAAA0000000000000000006F /* Sources */,
				AAAA00000000000000000071 /* Sources */,
				AAAA00000000000000000073 /* Sources */,
				AAAA00000000000000000075 /* Sources */,
				AAAA00000000000000000077 /* Sources */,
				AAAA00000000000000000079 /* Sources */,
				AAAA0000000000000000007B /* Sources */,
				AAAA0000000000000000007D /* Sources */,
				AAAA0000000000000000007F /* Sources */,
				AAAA00000000000000000081 /* Sources */,
				AAAA00000000000000000083 /* Sources */,
				AAAA00000000000000000085 /* Sources */,
				AAAA00000000000000000087 /* Sources */,
				AAAA00000000000000000089 /* Sources */,
				AAAA0000000000000000008B /* Sources */,
				AAAA0000000000000000008D /* Sources */,
				AAAA0000000000000000008F /* Sources */,
				AAAA00000000000000000091 /* Sources */,
				AAAA00000000000000000093 /* Sources */,
				AAAA00000000000000000095 /* Sources */,
				AAAA00000000000000000097 /* Sources */,
				AAAA00000000000000000099 /* Sources */,
				AAAA0000000000000000009B /* Sources */,
				AAAA0000000000000000009D /* Sources */,
				AAAA0000000000000000009F /* Sources */,
				AAAA000000000000000000A1 /* Sources */,
				AAAA000000000000000000A3 /* Sources */,
				AAAA000000000000000000A5 /* Sources */,
				AAAA000000000000000000A7 /* Sources */,
				AAAA000000000000000000A9 /* Sources */,
				AAAA000000000000000000AB /* Sources */,
			);
			runOnlyForDeploymentPostprocessing = 0;
		};
		AAAA000000000000000000CB /* Sources */ = {
			isa = PBXSourcesBuildPhase;
			buildActionMask = 2147483647;
			files = (
				AAAA000000000000000000B0 /* Sources */,
				AAAA000000000000000000B2 /* Sources */,
				AAAA000000000000000000B4 /* Sources */,
				AAAA000000000000000000B6 /* Sources */,
				AAAA000000000000000000B8 /* Sources */,
				AAAA000000000000000000BA /* Sources */,
				AAAA000000000000000000BC /* Sources */,
				AAAA000000000000000000BE /* Sources */,
				AAAA000000000000000000C0 /* Sources */,
				AAAA000000000000000000C2 /* Sources */,
				AAAA000000000000000000C4 /* Sources */,
				AAAA000000000000000000C6 /* Sources */,
			);
			runOnlyForDeploymentPostprocessing = 0;
		};
/* End PBXSourcesBuildPhase section */

/* Begin PBXTargetDependency section */
		AAAA000000000000000000EA /* PBXTargetDependency */ = {
			isa = PBXTargetDependency;
			target = AAAA000000000000000000E7 /* Roam */;
			targetProxy = AAAA000000000000000000E9 /* PBXContainerItemProxy */;
		};
/* End PBXTargetDependency section */

/* Begin XCBuildConfiguration section */
		AAAA000000000000000000DE /* Debug */ = {
			isa = XCBuildConfiguration;
			buildSettings = {
				ALWAYS_SEARCH_USER_PATHS = NO;
				CLANG_ENABLE_MODULES = YES;
				CLANG_ENABLE_OBJC_ARC = YES;
				ENABLE_STRICT_OBJC_MSGSEND = YES;
				GCC_C_LANGUAGE_STANDARD = gnu11;
				IPHONEOS_DEPLOYMENT_TARGET = 17.0;
				SDKROOT = iphoneos;
				SWIFT_VERSION = 5.0;
				MARKETING_VERSION = 1.0;
				CURRENT_PROJECT_VERSION = 1;
				ENABLE_TESTABILITY = YES;
				GCC_PREPROCESSOR_DEFINITIONS = "DEBUG=1 $(inherited)";
				SWIFT_ACTIVE_COMPILATION_CONDITIONS = "DEBUG $(inherited)";
				SWIFT_OPTIMIZATION_LEVEL = "-Onone";
				ONLY_ACTIVE_ARCH = YES;
			};
			name = Debug;
		};
		AAAA000000000000000000DF /* Release */ = {
			isa = XCBuildConfiguration;
			buildSettings = {
				ALWAYS_SEARCH_USER_PATHS = NO;
				CLANG_ENABLE_MODULES = YES;
				CLANG_ENABLE_OBJC_ARC = YES;
				ENABLE_STRICT_OBJC_MSGSEND = YES;
				GCC_C_LANGUAGE_STANDARD = gnu11;
				IPHONEOS_DEPLOYMENT_TARGET = 17.0;
				SDKROOT = iphoneos;
				SWIFT_VERSION = 5.0;
				MARKETING_VERSION = 1.0;
				CURRENT_PROJECT_VERSION = 1;
				SWIFT_OPTIMIZATION_LEVEL = "-O";
				VALIDATE_PRODUCT = YES;
			};
			name = Release;
		};
		AAAA000000000000000000E1 /* Debug */ = {
			isa = XCBuildConfiguration;
			buildSettings = {
				PRODUCT_BUNDLE_IDENTIFIER = com.localfirst.roam;
				PRODUCT_NAME = "$(TARGET_NAME)";
				INFOPLIST_FILE = Roam/Resources/Info.plist;
				GENERATE_INFOPLIST_FILE = NO;
				TARGETED_DEVICE_FAMILY = "1";
				ASSETCATALOG_COMPILER_APPICON_NAME = AppIcon;
				ASSETCATALOG_COMPILER_GLOBAL_ACCENT_COLOR_NAME = AccentColor;
				SWIFT_EMIT_LOC_STRINGS = YES;
				OTHER_LDFLAGS = "-lsqlite3";
				CODE_SIGN_STYLE = Automatic;
				CODE_SIGNING_ALLOWED = NO;
				ENABLE_PREVIEWS = YES;
			};
			name = Debug;
		};
		AAAA000000000000000000E2 /* Release */ = {
			isa = XCBuildConfiguration;
			buildSettings = {
				PRODUCT_BUNDLE_IDENTIFIER = com.localfirst.roam;
				PRODUCT_NAME = "$(TARGET_NAME)";
				INFOPLIST_FILE = Roam/Resources/Info.plist;
				GENERATE_INFOPLIST_FILE = NO;
				TARGETED_DEVICE_FAMILY = "1";
				ASSETCATALOG_COMPILER_APPICON_NAME = AppIcon;
				ASSETCATALOG_COMPILER_GLOBAL_ACCENT_COLOR_NAME = AccentColor;
				SWIFT_EMIT_LOC_STRINGS = YES;
				OTHER_LDFLAGS = "-lsqlite3";
				CODE_SIGN_STYLE = Automatic;
				CODE_SIGNING_ALLOWED = NO;
				ENABLE_PREVIEWS = YES;
			};
			name = Release;
		};
		AAAA000000000000000000E4 /* Debug */ = {
			isa = XCBuildConfiguration;
			buildSettings = {
				PRODUCT_BUNDLE_IDENTIFIER = com.localfirst.roamTests;
				PRODUCT_NAME = "$(TARGET_NAME)";
				GENERATE_INFOPLIST_FILE = YES;
				TARGETED_DEVICE_FAMILY = "1";
				TEST_HOST = "$(BUILT_PRODUCTS_DIR)/Roam.app/$(BUNDLE_EXECUTABLE_FOLDER_PATH)/Roam";
				BUNDLE_LOADER = "$(TEST_HOST)";
				CODE_SIGN_STYLE = Automatic;
				CODE_SIGNING_ALLOWED = NO;
			};
			name = Debug;
		};
		AAAA000000000000000000E5 /* Release */ = {
			isa = XCBuildConfiguration;
			buildSettings = {
				PRODUCT_BUNDLE_IDENTIFIER = com.localfirst.roamTests;
				PRODUCT_NAME = "$(TARGET_NAME)";
				GENERATE_INFOPLIST_FILE = YES;
				TARGETED_DEVICE_FAMILY = "1";
				TEST_HOST = "$(BUILT_PRODUCTS_DIR)/Roam.app/$(BUNDLE_EXECUTABLE_FOLDER_PATH)/Roam";
				BUNDLE_LOADER = "$(TEST_HOST)";
				CODE_SIGN_STYLE = Automatic;
				CODE_SIGNING_ALLOWED = NO;
			};
			name = Release;
		};
/* End XCBuildConfiguration section */

/* Begin XCConfigurationList section */
		AAAA000000000000000000E0 /* Build configuration list for PBXProject "Roam" */ = {
			isa = XCConfigurationList;
			buildConfigurations = (
				AAAA000000000000000000DE /* Debug */,
				AAAA000000000000000000DF /* Release */,
			);
			defaultConfigurationIsVisible = 0;
			defaultConfigurationName = Release;
		};
		AAAA000000000000000000E3 /* Build configuration list for PBXNativeTarget "Roam" */ = {
			isa = XCConfigurationList;
			buildConfigurations = (
				AAAA000000000000000000E1 /* Debug */,
				AAAA000000000000000000E2 /* Release */,
			);
			defaultConfigurationIsVisible = 0;
			defaultConfigurationName = Release;
		};
		AAAA000000000000000000E6 /* Build configuration list for PBXNativeTarget "RoamTests" */ = {
			isa = XCConfigurationList;
			buildConfigurations = (
				AAAA000000000000000000E4 /* Debug */,
				AAAA000000000000000000E5 /* Release */,
			);
			defaultConfigurationIsVisible = 0;
			defaultConfigurationName = Release;
		};
/* End XCConfigurationList section */
	};
	rootObject = AAAA000000000000DEADBEEF /* Project object */;
}
